// !$*UTF8*$!
{
	archiveVersion = 1;
	classes = {
	};
	objectVersion = 55;
	objects = {

/* Begin PBXBuildFile section */
		64BBCEC127ADBAC100AA72E6 /* blogApp.swift in Sources */ = {isa = PBXBuildFile; fileRef = 64BBCEC027ADBAC100AA72E6 /* blogApp.swift */; };
		64BBCEC327ADBAC100AA72E6 /* ContentView.swift in Sources */ = {isa = PBXBuildFile; fileRef = 64BBCEC227ADBAC100AA72E6 /* ContentView.swift */; };
		64BBCEC527ADBAC400AA72E6 /* Assets.xcassets in Resources */ = {isa = PBXBuildFile; fileRef = 64BBCEC427ADBAC400AA72E6 /* Assets.xcassets */; };
		64BBCEC827ADBAC400AA72E6 /* Preview Assets.xcassets in Resources */ = {isa = PBXBuildFile; fileRef = 64BBCEC727ADBAC400AA72E6 /* Preview Assets.xcassets */; };
		64BBCED227ADBAC400AA72E6 /* blogTests.swift in Sources */ = {isa = PBXBuildFile; fileRef = 64BBCED127ADBAC400AA72E6 /* blogTests.swift */; };
		64BBCEEE27ADBDB100AA72E6 /* Loading.swift in Sources */ = {isa = PBXBuildFile; fileRef = 64BBCEED27ADBDB100AA72E6 /* Loading.swift */; };
		64BBCEF127ADBE3100AA72E6 /* UIKit.swift in Sources */ = {isa = PBXBuildFile; fileRef = 64BBCEF027ADBE3100AA72E6 /* UIKit.swift */; };
		64BBCEF427ADBFB300AA72E6 /* VStackBase.swift in Sources */ = {isa = PBXBuildFile; fileRef = 64BBCEF327ADBFB300AA72E6 /* VStackBase.swift */; };
		64BBCF0427AE1D7100AA72E6 /* Networking.framework in Frameworks */ = {isa = PBXBuildFile; fileRef = 64BBCEFA27AE1D7100AA72E6 /* Networking.framework */; };
		64BBCF0B27AE1D7100AA72E6 /* NetworkingTests.swift in Sources */ = {isa = PBXBuildFile; fileRef = 64BBCF0A27AE1D7100AA72E6 /* NetworkingTests.swift */; };
		64BBCF0F27AE1D7100AA72E6 /* Networking.framework in Frameworks */ = {isa = PBXBuildFile; fileRef = 64BBCEFA27AE1D7100AA72E6 /* Networking.framework */; };
		64BBCF1027AE1D7100AA72E6 /* Networking.framework in Embed Frameworks */ = {isa = PBXBuildFile; fileRef = 64BBCEFA27AE1D7100AA72E6 /* Networking.framework */; settings = {ATTRIBUTES = (CodeSignOnCopy, RemoveHeadersOnCopy, ); }; };
		64BBCF1A27AEDD8C00AA72E6 /* Alamofire in Frameworks */ = {isa = PBXBuildFile; productRef = 64BBCF1927AEDD8C00AA72E6 /* Alamofire */; };
		64BBCF1C27AEDDBE00AA72E6 /* NetworkProvider.swift in Sources */ = {isa = PBXBuildFile; fileRef = 64BBCF1B27AEDDBE00AA72E6 /* NetworkProvider.swift */; };
		64BBCF1E27AEDFA700AA72E6 /* AlamofireAdapter.swift in Sources */ = {isa = PBXBuildFile; fileRef = 64BBCF1D27AEDFA700AA72E6 /* AlamofireAdapter.swift */; };
		64BBCF2027AEE1ED00AA72E6 /* NetWorkUtils.swift in Sources */ = {isa = PBXBuildFile; fileRef = 64BBCF1F27AEE1ED00AA72E6 /* NetWorkUtils.swift */; };
		64BBCF2327AEE52B00AA72E6 /* Router.swift in Sources */ = {isa = PBXBuildFile; fileRef = 64BBCF2227AEE52B00AA72E6 /* Router.swift */; };
		64BBCF2727AEE56A00AA72E6 /* EnvApp.swift in Sources */ = {isa = PBXBuildFile; fileRef = 64BBCF2627AEE56A00AA72E6 /* EnvApp.swift */; };
		64BBCF2A27AEF3BC00AA72E6 /* News.swift in Sources */ = {isa = PBXBuildFile; fileRef = 64BBCF2927AEF3BC00AA72E6 /* News.swift */; };
		64BBCF2C27AEF49C00AA72E6 /* NewsRouter.swift in Sources */ = {isa = PBXBuildFile; fileRef = 64BBCF2B27AEF49C00AA72E6 /* NewsRouter.swift */; };
		64BBCF2E27AEF62A00AA72E6 /* NewsProvider.swift in Sources */ = {isa = PBXBuildFile; fileRef = 64BBCF2D27AEF62A00AA72E6 /* NewsProvider.swift */; };
		64BBCF3227AEF7DD00AA72E6 /* NewsViewModel.swift in Sources */ = {isa = PBXBuildFile; fileRef = 64BBCF3127AEF7DD00AA72E6 /* NewsViewModel.swift */; };
		64BBCF3527AEFE4400AA72E6 /* MockAlamofireAdapter.swift in Sources */ = {isa = PBXBuildFile; fileRef = 64BBCF3427AEFE4400AA72E6 /* MockAlamofireAdapter.swift */; };
		64BBCF3827AEFF3A00AA72E6 /* posts.json in Resources */ = {isa = PBXBuildFile; fileRef = 64BBCF3727AEFF3A00AA72E6 /* posts.json */; };
		64BBCF3B27AEFFB100AA72E6 /* TestUtils.swift in Sources */ = {isa = PBXBuildFile; fileRef = 64BBCF3A27AEFFB100AA72E6 /* TestUtils.swift */; };
		64BBCF3F27B1BD9500AA72E6 /* RealmSwift in Frameworks */ = {isa = PBXBuildFile; productRef = 64BBCF3E27B1BD9500AA72E6 /* RealmSwift */; };
		64BBCF4227B2BEA600AA72E6 /* UserDefaultKeys.swift in Sources */ = {isa = PBXBuildFile; fileRef = 64BBCF4127B2BEA600AA72E6 /* UserDefaultKeys.swift */; };
/* End PBXBuildFile section */

/* Begin PBXContainerItemProxy section */
		64BBCECE27ADBAC400AA72E6 /* PBXContainerItemProxy */ = {
			isa = PBXContainerItemProxy;
			containerPortal = 64BBCEB527ADBAC100AA72E6 /* Project object */;
			proxyType = 1;
			remoteGlobalIDString = 64BBCEBC27ADBAC100AA72E6;
			remoteInfo = blog;
		};
		64BBCF0527AE1D7100AA72E6 /* PBXContainerItemProxy */ = {
			isa = PBXContainerItemProxy;
			containerPortal = 64BBCEB527ADBAC100AA72E6 /* Project object */;
			proxyType = 1;
			remoteGlobalIDString = 64BBCEF927AE1D7100AA72E6;
			remoteInfo = Networking;
		};
		64BBCF0727AE1D7100AA72E6 /* PBXContainerItemProxy */ = {
			isa = PBXContainerItemProxy;
			containerPortal = 64BBCEB527ADBAC100AA72E6 /* Project object */;
			proxyType = 1;
			remoteGlobalIDString = 64BBCEBC27ADBAC100AA72E6;
			remoteInfo = blog;
		};
		64BBCF0D27AE1D7100AA72E6 /* PBXContainerItemProxy */ = {
			isa = PBXContainerItemProxy;
			containerPortal = 64BBCEB527ADBAC100AA72E6 /* Project object */;
			proxyType = 1;
			remoteGlobalIDString = 64BBCEF927AE1D7100AA72E6;
			remoteInfo = Networking;
		};
/* End PBXContainerItemProxy section */

/* Begin PBXCopyFilesBuildPhase section */
		64BBCF1427AE1D7100AA72E6 /* Embed Frameworks */ = {
			isa = PBXCopyFilesBuildPhase;
			buildActionMask = 2147483647;
			dstPath = "";
			dstSubfolderSpec = 10;
			files = (
				64BBCF1027AE1D7100AA72E6 /* Networking.framework in Embed Frameworks */,
			);
			name = "Embed Frameworks";
			runOnlyForDeploymentPostprocessing = 0;
		};
/* End PBXCopyFilesBuildPhase section */

/* Begin PBXFileReference section */
		64BBCEBD27ADBAC100AA72E6 /* blog.app */ = {isa = PBXFileReference; explicitFileType = wrapper.application; includeInIndex = 0; path = blog.app; sourceTree = BUILT_PRODUCTS_DIR; };
		64BBCEC027ADBAC100AA72E6 /* blogApp.swift */ = {isa = PBXFileReference; lastKnownFileType = sourcecode.swift; path = blogApp.swift; sourceTree = "<group>"; };
		64BBCEC227ADBAC100AA72E6 /* ContentView.swift */ = {isa = PBXFileReference; lastKnownFileType = sourcecode.swift; path = ContentView.swift; sourceTree = "<group>"; };
		64BBCEC427ADBAC400AA72E6 /* Assets.xcassets */ = {isa = PBXFileReference; lastKnownFileType = folder.assetcatalog; path = Assets.xcassets; sourceTree = "<group>"; };
		64BBCEC727ADBAC400AA72E6 /* Preview Assets.xcassets */ = {isa = PBXFileReference; lastKnownFileType = folder.assetcatalog; path = "Preview Assets.xcassets"; sourceTree = "<group>"; };
		64BBCECD27ADBAC400AA72E6 /* blogTests.xctest */ = {isa = PBXFileReference; explicitFileType = wrapper.cfbundle; includeInIndex = 0; path = blogTests.xctest; sourceTree = BUILT_PRODUCTS_DIR; };
		64BBCED127ADBAC400AA72E6 /* blogTests.swift */ = {isa = PBXFileReference; lastKnownFileType = sourcecode.swift; path = blogTests.swift; sourceTree = "<group>"; };
		64BBCEED27ADBDB100AA72E6 /* Loading.swift */ = {isa = PBXFileReference; lastKnownFileType = sourcecode.swift; path = Loading.swift; sourceTree = "<group>"; };
		64BBCEF027ADBE3100AA72E6 /* UIKit.swift */ = {isa = PBXFileReference; lastKnownFileType = sourcecode.swift; path = UIKit.swift; sourceTree = "<group>"; };
		64BBCEF327ADBFB300AA72E6 /* VStackBase.swift */ = {isa = PBXFileReference; lastKnownFileType = sourcecode.swift; path = VStackBase.swift; sourceTree = "<group>"; };
		64BBCEFA27AE1D7100AA72E6 /* Networking.framework */ = {isa = PBXFileReference; explicitFileType = wrapper.framework; includeInIndex = 0; path = Networking.framework; sourceTree = BUILT_PRODUCTS_DIR; };
		64BBCF0327AE1D7100AA72E6 /* NetworkingTests.xctest */ = {isa = PBXFileReference; explicitFileType = wrapper.cfbundle; includeInIndex = 0; path = NetworkingTests.xctest; sourceTree = BUILT_PRODUCTS_DIR; };
		64BBCF0A27AE1D7100AA72E6 /* NetworkingTests.swift */ = {isa = PBXFileReference; lastKnownFileType = sourcecode.swift; path = NetworkingTests.swift; sourceTree = "<group>"; };
		64BBCF1B27AEDDBE00AA72E6 /* NetworkProvider.swift */ = {isa = PBXFileReference; lastKnownFileType = sourcecode.swift; path = NetworkProvider.swift; sourceTree = "<group>"; };
		64BBCF1D27AEDFA700AA72E6 /* AlamofireAdapter.swift */ = {isa = PBXFileReference; lastKnownFileType = sourcecode.swift; path = AlamofireAdapter.swift; sourceTree = "<group>"; };
		64BBCF1F27AEE1ED00AA72E6 /* NetWorkUtils.swift */ = {isa = PBXFileReference; lastKnownFileType = sourcecode.swift; path = NetWorkUtils.swift; sourceTree = "<group>"; };
		64BBCF2227AEE52B00AA72E6 /* Router.swift */ = {isa = PBXFileReference; lastKnownFileType = sourcecode.swift; path = Router.swift; sourceTree = "<group>"; };
		64BBCF2627AEE56A00AA72E6 /* EnvApp.swift */ = {isa = PBXFileReference; lastKnownFileType = sourcecode.swift; path = EnvApp.swift; sourceTree = "<group>"; };
		64BBCF2927AEF3BC00AA72E6 /* News.swift */ = {isa = PBXFileReference; lastKnownFileType = sourcecode.swift; path = News.swift; sourceTree = "<group>"; };
		64BBCF2B27AEF49C00AA72E6 /* NewsRouter.swift */ = {isa = PBXFileReference; lastKnownFileType = sourcecode.swift; path = NewsRouter.swift; sourceTree = "<group>"; };
		64BBCF2D27AEF62A00AA72E6 /* NewsProvider.swift */ = {isa = PBXFileReference; lastKnownFileType = sourcecode.swift; path = NewsProvider.swift; sourceTree = "<group>"; };
		64BBCF3127AEF7DD00AA72E6 /* NewsViewModel.swift */ = {isa = PBXFileReference; lastKnownFileType = sourcecode.swift; path = NewsViewModel.swift; sourceTree = "<group>"; };
		64BBCF3427AEFE4400AA72E6 /* MockAlamofireAdapter.swift */ = {isa = PBXFileReference; lastKnownFileType = sourcecode.swift; path = MockAlamofireAdapter.swift; sourceTree = "<group>"; };
		64BBCF3727AEFF3A00AA72E6 /* posts.json */ = {isa = PBXFileReference; lastKnownFileType = text.json; path = posts.json; sourceTree = "<group>"; };
		64BBCF3A27AEFFB100AA72E6 /* TestUtils.swift */ = {isa = PBXFileReference; lastKnownFileType = sourcecode.swift; path = TestUtils.swift; sourceTree = "<group>"; };
		64BBCF4127B2BEA600AA72E6 /* UserDefaultKeys.swift */ = {isa = PBXFileReference; lastKnownFileType = sourcecode.swift; path = UserDefaultKeys.swift; sourceTree = "<group>"; };
/* End PBXFileReference section */

/* Begin PBXFrameworksBuildPhase section */
		64BBCEBA27ADBAC100AA72E6 /* Frameworks */ = {
			isa = PBXFrameworksBuildPhase;
			buildActionMask = 2147483647;
			files = (
				64BBCF3F27B1BD9500AA72E6 /* RealmSwift in Frameworks */,
				64BBCF0F27AE1D7100AA72E6 /* Networking.framework in Frameworks */,
			);
			runOnlyForDeploymentPostprocessing = 0;
		};
		64BBCECA27ADBAC400AA72E6 /* Frameworks */ = {
			isa = PBXFrameworksBuildPhase;
			buildActionMask = 2147483647;
			files = (
			);
			runOnlyForDeploymentPostprocessing = 0;
		};
		64BBCEF727AE1D7100AA72E6 /* Frameworks */ = {
			isa = PBXFrameworksBuildPhase;
			buildActionMask = 2147483647;
			files = (
				64BBCF1A27AEDD8C00AA72E6 /* Alamofire in Frameworks */,
			);
			runOnlyForDeploymentPostprocessing = 0;
		};
		64BBCF0027AE1D7100AA72E6 /* Frameworks */ = {
			isa = PBXFrameworksBuildPhase;
			buildActionMask = 2147483647;
			files = (
				64BBCF0427AE1D7100AA72E6 /* Networking.framework in Frameworks */,
			);
			runOnlyForDeploymentPostprocessing = 0;
		};
/* End PBXFrameworksBuildPhase section */

/* Begin PBXGroup section */
		64BBCEB427ADBAC100AA72E6 = {
			isa = PBXGroup;
			children = (
				64BBCEBF27ADBAC100AA72E6 /* blog */,
				64BBCED027ADBAC400AA72E6 /* blogTests */,
				64BBCEFB27AE1D7100AA72E6 /* Networking */,
				64BBCF0927AE1D7100AA72E6 /* NetworkingTests */,
				64BBCEBE27ADBAC100AA72E6 /* Products */,
			);
			sourceTree = "<group>";
		};
		64BBCEBE27ADBAC100AA72E6 /* Products */ = {
			isa = PBXGroup;
			children = (
				64BBCEBD27ADBAC100AA72E6 /* blog.app */,
				64BBCECD27ADBAC400AA72E6 /* blogTests.xctest */,
				64BBCEFA27AE1D7100AA72E6 /* Networking.framework */,
				64BBCF0327AE1D7100AA72E6 /* NetworkingTests.xctest */,
			);
			name = Products;
			sourceTree = "<group>";
		};
		64BBCEBF27ADBAC100AA72E6 /* blog */ = {
			isa = PBXGroup;
			children = (
				64BBCEEB27ADBD6B00AA72E6 /* Resource */,
				64BBCEEA27ADBD5B00AA72E6 /* Source */,
				64BBCEC027ADBAC100AA72E6 /* blogApp.swift */,
				64BBCEC427ADBAC400AA72E6 /* Assets.xcassets */,
				64BBCEC627ADBAC400AA72E6 /* Preview Content */,
			);
			path = blog;
			sourceTree = "<group>";
		};
		64BBCEC627ADBAC400AA72E6 /* Preview Content */ = {
			isa = PBXGroup;
			children = (
				64BBCEC727ADBAC400AA72E6 /* Preview Assets.xcassets */,
			);
			path = "Preview Content";
			sourceTree = "<group>";
		};
		64BBCED027ADBAC400AA72E6 /* blogTests */ = {
			isa = PBXGroup;
			children = (
				64BBCED127ADBAC400AA72E6 /* blogTests.swift */,
			);
			path = blogTests;
			sourceTree = "<group>";
		};
		64BBCEEA27ADBD5B00AA72E6 /* Source */ = {
			isa = PBXGroup;
			children = (
				64BBCEC227ADBAC100AA72E6 /* ContentView.swift */,
				64BBCF2F27AEF7CA00AA72E6 /* Views */,
				64BBCF2827AEF32100AA72E6 /* Service */,
				64BBCF2527AEE55800AA72E6 /* Environment */,
				64BBCF2127AEE51D00AA72E6 /* Models */,
			);
			path = Source;
			sourceTree = "<group>";
		};
		64BBCEEB27ADBD6B00AA72E6 /* Resource */ = {
			isa = PBXGroup;
			children = (
				64BBCF4027B2BE8100AA72E6 /* Utils */,
				64BBCEF227ADBF9A00AA72E6 /* Modifiers */,
				64BBCEEF27ADBE1900AA72E6 /* UIKit */,
				64BBCEEC27ADBD8D00AA72E6 /* Components */,
			);
			path = Resource;
			sourceTree = "<group>";
		};
		64BBCEEC27ADBD8D00AA72E6 /* Components */ = {
			isa = PBXGroup;
			children = (
				64BBCEED27ADBDB100AA72E6 /* Loading.swift */,
			);
			path = Components;
			sourceTree = "<group>";
		};
		64BBCEEF27ADBE1900AA72E6 /* UIKit */ = {
			isa = PBXGroup;
			children = (
				64BBCEF027ADBE3100AA72E6 /* UIKit.swift */,
			);
			path = UIKit;
			sourceTree = "<group>";
		};
		64BBCEF227ADBF9A00AA72E6 /* Modifiers */ = {
			isa = PBXGroup;
			children = (
				64BBCEF327ADBFB300AA72E6 /* VStackBase.swift */,
			);
			path = Modifiers;
			sourceTree = "<group>";
		};
		64BBCEFB27AE1D7100AA72E6 /* Networking */ = {
			isa = PBXGroup;
			children = (
				64BBCF1B27AEDDBE00AA72E6 /* NetworkProvider.swift */,
				64BBCF1D27AEDFA700AA72E6 /* AlamofireAdapter.swift */,
				64BBCF1F27AEE1ED00AA72E6 /* NetWorkUtils.swift */,
			);
			path = Networking;
			sourceTree = "<group>";
		};
		64BBCF0927AE1D7100AA72E6 /* NetworkingTests */ = {
			isa = PBXGroup;
			children = (
				64BBCF0A27AE1D7100AA72E6 /* NetworkingTests.swift */,
				64BBCF3927AEFF8100AA72E6 /* NetworkingUtils */,
				64BBCF3627AEFEFC00AA72E6 /* MockJson */,
				64BBCF3327AEFE1200AA72E6 /* NetworkingMock */,
			);
			path = NetworkingTests;
			sourceTree = "<group>";
		};
		64BBCF2127AEE51D00AA72E6 /* Models */ = {
			isa = PBXGroup;
			children = (
				64BBCF2227AEE52B00AA72E6 /* Router.swift */,
				64BBCF2927AEF3BC00AA72E6 /* News.swift */,
			);
			path = Models;
			sourceTree = "<group>";
		};
		64BBCF2527AEE55800AA72E6 /* Environment */ = {
			isa = PBXGroup;
			children = (
				64BBCF2627AEE56A00AA72E6 /* EnvApp.swift */,
			);
			path = Environment;
			sourceTree = "<group>";
		};
		64BBCF2827AEF32100AA72E6 /* Service */ = {
			isa = PBXGroup;
			children = (
				64BBCF2B27AEF49C00AA72E6 /* NewsRouter.swift */,
				64BBCF2D27AEF62A00AA72E6 /* NewsProvider.swift */,
			);
			path = Service;
			sourceTree = "<group>";
		};
		64BBCF2F27AEF7CA00AA72E6 /* Views */ = {
			isa = PBXGroup;
			children = (
				64BBCF3027AEF7D100AA72E6 /* News */,
			);
			path = Views;
			sourceTree = "<group>";
		};
		64BBCF3027AEF7D100AA72E6 /* News */ = {
			isa = PBXGroup;
			children = (
				64BBCF3127AEF7DD00AA72E6 /* NewsViewModel.swift */,
			);
			path = News;
			sourceTree = "<group>";
		};
		64BBCF3327AEFE1200AA72E6 /* NetworkingMock */ = {
			isa = PBXGroup;
			children = (
				64BBCF3427AEFE4400AA72E6 /* MockAlamofireAdapter.swift */,
			);
			path = NetworkingMock;
			sourceTree = "<group>";
		};
		64BBCF3627AEFEFC00AA72E6 /* MockJson */ = {
			isa = PBXGroup;
			children = (
				64BBCF3727AEFF3A00AA72E6 /* posts.json */,
			);
			path = MockJson;
			sourceTree = "<group>";
		};
		64BBCF3927AEFF8100AA72E6 /* NetworkingUtils */ = {
			isa = PBXGroup;
			children = (
				64BBCF3A27AEFFB100AA72E6 /* TestUtils.swift */,
			);
			path = NetworkingUtils;
			sourceTree = "<group>";
		};
		64BBCF4027B2BE8100AA72E6 /* Utils */ = {
			isa = PBXGroup;
			children = (
				64BBCF4127B2BEA600AA72E6 /* UserDefaultKeys.swift */,
			);
			path = Utils;
			sourceTree = "<group>";
		};
/* End PBXGroup section */

/* Begin PBXHeadersBuildPhase section */
		64BBCEF527AE1D7100AA72E6 /* Headers */ = {
			isa = PBXHeadersBuildPhase;
			buildActionMask = 2147483647;
			files = (
			);
			runOnlyForDeploymentPostprocessing = 0;
		};
/* End PBXHeadersBuildPhase section */

/* Begin PBXNativeTarget section */
		64BBCEBC27ADBAC100AA72E6 /* blog */ = {
			isa = PBXNativeTarget;
			buildConfigurationList = 64BBCEE127ADBAC400AA72E6 /* Build configuration list for PBXNativeTarget "blog" */;
			buildPhases = (
				64BBCEB927ADBAC100AA72E6 /* Sources */,
				64BBCEBA27ADBAC100AA72E6 /* Frameworks */,
				64BBCEBB27ADBAC100AA72E6 /* Resources */,
				64BBCF1427AE1D7100AA72E6 /* Embed Frameworks */,
			);
			buildRules = (
			);
			dependencies = (
				64BBCF0E27AE1D7100AA72E6 /* PBXTargetDependency */,
			);
			name = blog;
			packageProductDependencies = (
				64BBCF3E27B1BD9500AA72E6 /* RealmSwift */,
			);
			productName = blog;
			productReference = 64BBCEBD27ADBAC100AA72E6 /* blog.app */;
			productType = "com.apple.product-type.application";
		};
		64BBCECC27ADBAC400AA72E6 /* blogTests */ = {
			isa = PBXNativeTarget;
			buildConfigurationList = 64BBCEE427ADBAC400AA72E6 /* Build configuration list for PBXNativeTarget "blogTests" */;
			buildPhases = (
				64BBCEC927ADBAC400AA72E6 /* Sources */,
				64BBCECA27ADBAC400AA72E6 /* Frameworks */,
				64BBCECB27ADBAC400AA72E6 /* Resources */,
			);
			buildRules = (
			);
			dependencies = (
				64BBCECF27ADBAC400AA72E6 /* PBXTargetDependency */,
			);
			name = blogTests;
			productName = blogTests;
			productReference = 64BBCECD27ADBAC400AA72E6 /* blogTests.xctest */;
			productType = "com.apple.product-type.bundle.unit-test";
		};
		64BBCEF927AE1D7100AA72E6 /* Networking */ = {
			isa = PBXNativeTarget;
			buildConfigurationList = 64BBCF1127AE1D7100AA72E6 /* Build configuration list for PBXNativeTarget "Networking" */;
			buildPhases = (
				64BBCEF527AE1D7100AA72E6 /* Headers */,
				64BBCEF627AE1D7100AA72E6 /* Sources */,
				64BBCEF727AE1D7100AA72E6 /* Frameworks */,
				64BBCEF827AE1D7100AA72E6 /* Resources */,
			);
			buildRules = (
			);
			dependencies = (
			);
			name = Networking;
			packageProductDependencies = (
				64BBCF1927AEDD8C00AA72E6 /* Alamofire */,
			);
			productName = Networking;
			productReference = 64BBCEFA27AE1D7100AA72E6 /* Networking.framework */;
			productType = "com.apple.product-type.framework";
		};
		64BBCF0227AE1D7100AA72E6 /* NetworkingTests */ = {
			isa = PBXNativeTarget;
			buildConfigurationList = 64BBCF1527AE1D7100AA72E6 /* Build configuration list for PBXNativeTarget "NetworkingTests" */;
			buildPhases = (
				64BBCEFF27AE1D7100AA72E6 /* Sources */,
				64BBCF0027AE1D7100AA72E6 /* Frameworks */,
				64BBCF0127AE1D7100AA72E6 /* Resources */,
			);
			buildRules = (
			);
			dependencies = (
				64BBCF0627AE1D7100AA72E6 /* PBXTargetDependency */,
				64BBCF0827AE1D7100AA72E6 /* PBXTargetDependency */,
			);
			name = NetworkingTests;
			productName = NetworkingTests;
			productReference = 64BBCF0327AE1D7100AA72E6 /* NetworkingTests.xctest */;
			productType = "com.apple.product-type.bundle.unit-test";
		};
/* End PBXNativeTarget section */

/* Begin PBXProject section */
		64BBCEB527ADBAC100AA72E6 /* Project object */ = {
			isa = PBXProject;
			attributes = {
				BuildIndependentTargetsInParallel = 1;
				LastSwiftUpdateCheck = 1320;
				LastUpgradeCheck = 1320;
				TargetAttributes = {
					64BBCEBC27ADBAC100AA72E6 = {
						CreatedOnToolsVersion = 13.2.1;
					};
					64BBCECC27ADBAC400AA72E6 = {
						CreatedOnToolsVersion = 13.2.1;
						TestTargetID = 64BBCEBC27ADBAC100AA72E6;
					};
					64BBCEF927AE1D7100AA72E6 = {
						CreatedOnToolsVersion = 13.2.1;
						LastSwiftMigration = 1320;
					};
					64BBCF0227AE1D7100AA72E6 = {
						CreatedOnToolsVersion = 13.2.1;
						TestTargetID = 64BBCEBC27ADBAC100AA72E6;
					};
				};
			};
			buildConfigurationList = 64BBCEB827ADBAC100AA72E6 /* Build configuration list for PBXProject "blog" */;
			compatibilityVersion = "Xcode 13.0";
			developmentRegion = en;
			hasScannedForEncodings = 0;
			knownRegions = (
				en,
				Base,
			);
			mainGroup = 64BBCEB427ADBAC100AA72E6;
			packageReferences = (
				64BBCF1827AEDD8C00AA72E6 /* XCRemoteSwiftPackageReference "Alamofire" */,
				64BBCF3D27B1BD9400AA72E6 /* XCRemoteSwiftPackageReference "realm-swift" */,
			);
			productRefGroup = 64BBCEBE27ADBAC100AA72E6 /* Products */;
			projectDirPath = "";
			projectRoot = "";
			targets = (
				64BBCEBC27ADBAC100AA72E6 /* blog */,
				64BBCECC27ADBAC400AA72E6 /* blogTests */,
				64BBCEF927AE1D7100AA72E6 /* Networking */,
				64BBCF0227AE1D7100AA72E6 /* NetworkingTests */,
			);
		};
/* End PBXProject section */

/* Begin PBXResourcesBuildPhase section */
		64BBCEBB27ADBAC100AA72E6 /* Resources */ = {
			isa = PBXResourcesBuildPhase;
			buildActionMask = 2147483647;
			files = (
				64BBCEC827ADBAC400AA72E6 /* Preview Assets.xcassets in Resources */,
				64BBCEC527ADBAC400AA72E6 /* Assets.xcassets in Resources */,
			);
			runOnlyForDeploymentPostprocessing = 0;
		};
		64BBCECB27ADBAC400AA72E6 /* Resources */ = {
			isa = PBXResourcesBuildPhase;
			buildActionMask = 2147483647;
			files = (
			);
			runOnlyForDeploymentPostprocessing = 0;
		};
		64BBCEF827AE1D7100AA72E6 /* Resources */ = {
			isa = PBXResourcesBuildPhase;
			buildActionMask = 2147483647;
			files = (
			);
			runOnlyForDeploymentPostprocessing = 0;
		};
		64BBCF0127AE1D7100AA72E6 /* Resources */ = {
			isa = PBXResourcesBuildPhase;
			buildActionMask = 2147483647;
			files = (
				64BBCF3827AEFF3A00AA72E6 /* posts.json in Resources */,
			);
			runOnlyForDeploymentPostprocessing = 0;
		};
/* End PBXResourcesBuildPhase section */

/* Begin PBXSourcesBuildPhase section */
		64BBCEB927ADBAC100AA72E6 /* Sources */ = {
			isa = PBXSourcesBuildPhase;
			buildActionMask = 2147483647;
			files = (
				64BBCEF127ADBE3100AA72E6 /* UIKit.swift in Sources */,
				64BBCEF427ADBFB300AA72E6 /* VStackBase.swift in Sources */,
				64BBCF2A27AEF3BC00AA72E6 /* News.swift in Sources */,
				64BBCEC327ADBAC100AA72E6 /* ContentView.swift in Sources */,
				64BBCF2C27AEF49C00AA72E6 /* NewsRouter.swift in Sources */,
				64BBCF2E27AEF62A00AA72E6 /* NewsProvider.swift in Sources */,
				64BBCF3227AEF7DD00AA72E6 /* NewsViewModel.swift in Sources */,
				64BBCEEE27ADBDB100AA72E6 /* Loading.swift in Sources */,
				64BBCF4227B2BEA600AA72E6 /* UserDefaultKeys.swift in Sources */,
				64BBCF2327AEE52B00AA72E6 /* Router.swift in Sources */,
				64BBCF2727AEE56A00AA72E6 /* EnvApp.swift in Sources */,
				64BBCEC127ADBAC100AA72E6 /* blogApp.swift in Sources */,
			);
			runOnlyForDeploymentPostprocessing = 0;
		};
		64BBCEC927ADBAC400AA72E6 /* Sources */ = {
			isa = PBXSourcesBuildPhase;
			buildActionMask = 2147483647;
			files = (
				64BBCED227ADBAC400AA72E6 /* blogTests.swift in Sources */,
			);
			runOnlyForDeploymentPostprocessing = 0;
		};
		64BBCEF627AE1D7100AA72E6 /* Sources */ = {
			isa = PBXSourcesBuildPhase;
			buildActionMask = 2147483647;
			files = (
				64BBCF1E27AEDFA700AA72E6 /* AlamofireAdapter.swift in Sources */,
				64BBCF2027AEE1ED00AA72E6 /* NetWorkUtils.swift in Sources */,
				64BBCF1C27AEDDBE00AA72E6 /* NetworkProvider.swift in Sources */,
			);
			runOnlyForDeploymentPostprocessing = 0;
		};
		64BBCEFF27AE1D7100AA72E6 /* Sources */ = {
			isa = PBXSourcesBuildPhase;
			buildActionMask = 2147483647;
			files = (
				64BBCF3527AEFE4400AA72E6 /* MockAlamofireAdapter.swift in Sources */,
				64BBCF3B27AEFFB100AA72E6 /* TestUtils.swift in Sources */,
				64BBCF0B27AE1D7100AA72E6 /* NetworkingTests.swift in Sources */,
			);
			runOnlyForDeploymentPostprocessing = 0;
		};
/* End PBXSourcesBuildPhase section */

/* Begin PBXTargetDependency section */
		64BBCECF27ADBAC400AA72E6 /* PBXTargetDependency */ = {
			isa = PBXTargetDependency;
			target = 64BBCEBC27ADBAC100AA72E6 /* blog */;
			targetProxy = 64BBCECE27ADBAC400AA72E6 /* PBXContainerItemProxy */;
		};
		64BBCF0627AE1D7100AA72E6 /* PBXTargetDependency */ = {
			isa = PBXTargetDependency;
			target = 64BBCEF927AE1D7100AA72E6 /* Networking */;
			targetProxy = 64BBCF0527AE1D7100AA72E6 /* PBXContainerItemProxy */;
		};
		64BBCF0827AE1D7100AA72E6 /* PBXTargetDependency */ = {
			isa = PBXTargetDependency;
			target = 64BBCEBC27ADBAC100AA72E6 /* blog */;
			targetProxy = 64BBCF0727AE1D7100AA72E6 /* PBXContainerItemProxy */;
		};
		64BBCF0E27AE1D7100AA72E6 /* PBXTargetDependency */ = {
			isa = PBXTargetDependency;
			target = 64BBCEF927AE1D7100AA72E6 /* Networking */;
			targetProxy = 64BBCF0D27AE1D7100AA72E6 /* PBXContainerItemProxy */;
		};
/* End PBXTargetDependency section */

/* Begin XCBuildConfiguration section */
		64BBCEDF27ADBAC400AA72E6 /* Debug */ = {
			isa = XCBuildConfiguration;
			buildSettings = {
				ALWAYS_SEARCH_USER_PATHS = NO;
				CLANG_ANALYZER_NONNULL = YES;
				CLANG_ANALYZER_NUMBER_OBJECT_CONVERSION = YES_AGGRESSIVE;
				CLANG_CXX_LANGUAGE_STANDARD = "gnu++17";
				CLANG_CXX_LIBRARY = "libc++";
				CLANG_ENABLE_MODULES = YES;
				CLANG_ENABLE_OBJC_ARC = YES;
				CLANG_ENABLE_OBJC_WEAK = YES;
				CLANG_WARN_BLOCK_CAPTURE_AUTORELEASING = YES;
				CLANG_WARN_BOOL_CONVERSION = YES;
				CLANG_WARN_COMMA = YES;
				CLANG_WARN_CONSTANT_CONVERSION = YES;
				CLANG_WARN_DEPRECATED_OBJC_IMPLEMENTATIONS = YES;
				CLANG_WARN_DIRECT_OBJC_ISA_USAGE = YES_ERROR;
				CLANG_WARN_DOCUMENTATION_COMMENTS = YES;
				CLANG_WARN_EMPTY_BODY = YES;
				CLANG_WARN_ENUM_CONVERSION = YES;
				CLANG_WARN_INFINITE_RECURSION = YES;
				CLANG_WARN_INT_CONVERSION = YES;
				CLANG_WARN_NON_LITERAL_NULL_CONVERSION = YES;
				CLANG_WARN_OBJC_IMPLICIT_RETAIN_SELF = YES;
				CLANG_WARN_OBJC_LITERAL_CONVERSION = YES;
				CLANG_WARN_OBJC_ROOT_CLASS = YES_ERROR;
				CLANG_WARN_QUOTED_INCLUDE_IN_FRAMEWORK_HEADER = YES;
				CLANG_WARN_RANGE_LOOP_ANALYSIS = YES;
				CLANG_WARN_STRICT_PROTOTYPES = YES;
				CLANG_WARN_SUSPICIOUS_MOVE = YES;
				CLANG_WARN_UNGUARDED_AVAILABILITY = YES_AGGRESSIVE;
				CLANG_WARN_UNREACHABLE_CODE = YES;
				CLANG_WARN__DUPLICATE_METHOD_MATCH = YES;
				COPY_PHASE_STRIP = NO;
				DEBUG_INFORMATION_FORMAT = dwarf;
				ENABLE_STRICT_OBJC_MSGSEND = YES;
				ENABLE_TESTABILITY = YES;
				GCC_C_LANGUAGE_STANDARD = gnu11;
				GCC_DYNAMIC_NO_PIC = NO;
				GCC_NO_COMMON_BLOCKS = YES;
				GCC_OPTIMIZATION_LEVEL = 0;
				GCC_PREPROCESSOR_DEFINITIONS = (
					"DEBUG=1",
					"$(inherited)",
				);
				GCC_WARN_64_TO_32_BIT_CONVERSION = YES;
				GCC_WARN_ABOUT_RETURN_TYPE = YES_ERROR;
				GCC_WARN_UNDECLARED_SELECTOR = YES;
				GCC_WARN_UNINITIALIZED_AUTOS = YES_AGGRESSIVE;
				GCC_WARN_UNUSED_FUNCTION = YES;
				GCC_WARN_UNUSED_VARIABLE = YES;
				IPHONEOS_DEPLOYMENT_TARGET = 15.2;
				MTL_ENABLE_DEBUG_INFO = INCLUDE_SOURCE;
				MTL_FAST_MATH = YES;
				ONLY_ACTIVE_ARCH = YES;
				SDKROOT = iphoneos;
				SWIFT_ACTIVE_COMPILATION_CONDITIONS = DEBUG;
				SWIFT_OPTIMIZATION_LEVEL = "-Onone";
			};
			name = Debug;
		};
		64BBCEE027ADBAC400AA72E6 /* Release */ = {
			isa = XCBuildConfiguration;
			buildSettings = {
				ALWAYS_SEARCH_USER_PATHS = NO;
				CLANG_ANALYZER_NONNULL = YES;
				CLANG_ANALYZER_NUMBER_OBJECT_CONVERSION = YES_AGGRESSIVE;
				CLANG_CXX_LANGUAGE_STANDARD = "gnu++17";
				CLANG_CXX_LIBRARY = "libc++";
				CLANG_ENABLE_MODULES = YES;
				CLANG_ENABLE_OBJC_ARC = YES;
				CLANG_ENABLE_OBJC_WEAK = YES;
				CLANG_WARN_BLOCK_CAPTURE_AUTORELEASING = YES;
				CLANG_WARN_BOOL_CONVERSION = YES;
				CLANG_WARN_COMMA = YES;
				CLANG_WARN_CONSTANT_CONVERSION = YES;
				CLANG_WARN_DEPRECATED_OBJC_IMPLEMENTATIONS = YES;
				CLANG_WARN_DIRECT_OBJC_ISA_USAGE = YES_ERROR;
				CLANG_WARN_DOCUMENTATION_COMMENTS = YES;
				CLANG_WARN_EMPTY_BODY = YES;
				CLANG_WARN_ENUM_CONVERSION = YES;
				CLANG_WARN_INFINITE_RECURSION = YES;
				CLANG_WARN_INT_CONVERSION = YES;
				CLANG_WARN_NON_LITERAL_NULL_CONVERSION = YES;
				CLANG_WARN_OBJC_IMPLICIT_RETAIN_SELF = YES;
				CLANG_WARN_OBJC_LITERAL_CONVERSION = YES;
				CLANG_WARN_OBJC_ROOT_CLASS = YES_ERROR;
				CLANG_WARN_QUOTED_INCLUDE_IN_FRAMEWORK_HEADER = YES;
				CLANG_WARN_RANGE_LOOP_ANALYSIS = YES;
				CLANG_WARN_STRICT_PROTOTYPES = YES;
				CLANG_WARN_SUSPICIOUS_MOVE = YES;
				CLANG_WARN_UNGUARDED_AVAILABILITY = YES_AGGRESSIVE;
				CLANG_WARN_UNREACHABLE_CODE = YES;
				CLANG_WARN__DUPLICATE_METHOD_MATCH = YES;
				COPY_PHASE_STRIP = NO;
				DEBUG_INFORMATION_FORMAT = "dwarf-with-dsym";
				ENABLE_NS_ASSERTIONS = NO;
				ENABLE_STRICT_OBJC_MSGSEND = YES;
				GCC_C_LANGUAGE_STANDARD = gnu11;
				GCC_NO_COMMON_BLOCKS = YES;
				GCC_WARN_64_TO_32_BIT_CONVERSION = YES;
				GCC_WARN_ABOUT_RETURN_TYPE = YES_ERROR;
				GCC_WARN_UNDECLARED_SELECTOR = YES;
				GCC_WARN_UNINITIALIZED_AUTOS = YES_AGGRESSIVE;
				GCC_WARN_UNUSED_FUNCTION = YES;
				GCC_WARN_UNUSED_VARIABLE = YES;
				IPHONEOS_DEPLOYMENT_TARGET = 15.2;
				MTL_ENABLE_DEBUG_INFO = NO;
				MTL_FAST_MATH = YES;
				SDKROOT = iphoneos;
				SWIFT_COMPILATION_MODE = wholemodule;
				SWIFT_OPTIMIZATION_LEVEL = "-O";
				VALIDATE_PRODUCT = YES;
			};
			name = Release;
		};
		64BBCEE227ADBAC400AA72E6 /* Debug */ = {
			isa = XCBuildConfiguration;
			buildSettings = {
				ALWAYS_EMBED_SWIFT_STANDARD_LIBRARIES = YES;
				ASSETCATALOG_COMPILER_APPICON_NAME = AppIcon;
				ASSETCATALOG_COMPILER_GLOBAL_ACCENT_COLOR_NAME = AccentColor;
				CODE_SIGN_STYLE = Automatic;
				CURRENT_PROJECT_VERSION = 1;
				DEVELOPMENT_ASSET_PATHS = "\"blog/Preview Content\"";
				ENABLE_PREVIEWS = YES;
				GENERATE_INFOPLIST_FILE = YES;
				INFOPLIST_KEY_UIApplicationSceneManifest_Generation = YES;
				INFOPLIST_KEY_UIApplicationSupportsIndirectInputEvents = YES;
				INFOPLIST_KEY_UILaunchScreen_Generation = YES;
				INFOPLIST_KEY_UISupportedInterfaceOrientations_iPad = "UIInterfaceOrientationPortrait UIInterfaceOrientationPortraitUpsideDown UIInterfaceOrientationLandscapeLeft UIInterfaceOrientationLandscapeRight";
				INFOPLIST_KEY_UISupportedInterfaceOrientations_iPhone = "UIInterfaceOrientationPortrait UIInterfaceOrientationLandscapeLeft UIInterfaceOrientationLandscapeRight";
				LD_RUNPATH_SEARCH_PATHS = (
					"$(inherited)",
					"@executable_path/Frameworks",
				);
				MARKETING_VERSION = 1.0;
				PRODUCT_BUNDLE_IDENTIFIER = com.blog;
				PRODUCT_NAME = "$(TARGET_NAME)";
				SWIFT_EMIT_LOC_STRINGS = YES;
				SWIFT_VERSION = 5.0;
				TARGETED_DEVICE_FAMILY = "1,2";
			};
			name = Debug;
		};
		64BBCEE327ADBAC400AA72E6 /* Release */ = {
			isa = XCBuildConfiguration;
			buildSettings = {
				ALWAYS_EMBED_SWIFT_STANDARD_LIBRARIES = YES;
				ASSETCATALOG_COMPILER_APPICON_NAME = AppIcon;
				ASSETCATALOG_COMPILER_GLOBAL_ACCENT_COLOR_NAME = AccentColor;
				CODE_SIGN_STYLE = Automatic;
				CURRENT_PROJECT_VERSION = 1;
				DEVELOPMENT_ASSET_PATHS = "\"blog/Preview Content\"";
				ENABLE_PREVIEWS = YES;
				GENERATE_INFOPLIST_FILE = YES;
				INFOPLIST_KEY_UIApplicationSceneManifest_Generation = YES;
				INFOPLIST_KEY_UIApplicationSupportsIndirectInputEvents = YES;
				INFOPLIST_KEY_UILaunchScreen_Generation = YES;
				INFOPLIST_KEY_UISupportedInterfaceOrientations_iPad = "UIInterfaceOrientationPortrait UIInterfaceOrientationPortraitUpsideDown UIInterfaceOrientationLandscapeLeft UIInterfaceOrientationLandscapeRight";
				INFOPLIST_KEY_UISupportedInterfaceOrientations_iPhone = "UIInterfaceOrientationPortrait UIInterfaceOrientationLandscapeLeft UIInterfaceOrientationLandscapeRight";
				LD_RUNPATH_SEARCH_PATHS = (
					"$(inherited)",
					"@executable_path/Frameworks",
				);
				MARKETING_VERSION = 1.0;
				PRODUCT_BUNDLE_IDENTIFIER = com.blog;
				PRODUCT_NAME = "$(TARGET_NAME)";
				SWIFT_EMIT_LOC_STRINGS = YES;
				SWIFT_VERSION = 5.0;
				TARGETED_DEVICE_FAMILY = "1,2";
			};
			name = Release;
		};
		64BBCEE527ADBAC400AA72E6 /* Debug */ = {
			isa = XCBuildConfiguration;
			buildSettings = {
				ALWAYS_EMBED_SWIFT_STANDARD_LIBRARIES = YES;
				BUNDLE_LOADER = "$(TEST_HOST)";
				CODE_SIGN_STYLE = Automatic;
				CURRENT_PROJECT_VERSION = 1;
				GENERATE_INFOPLIST_FILE = YES;
				IPHONEOS_DEPLOYMENT_TARGET = 15.2;
				MARKETING_VERSION = 1.0;
				PRODUCT_BUNDLE_IDENTIFIER = com.blogTests;
				PRODUCT_NAME = "$(TARGET_NAME)";
				SWIFT_EMIT_LOC_STRINGS = NO;
				SWIFT_VERSION = 5.0;
				TARGETED_DEVICE_FAMILY = "1,2";
				TEST_HOST = "$(BUILT_PRODUCTS_DIR)/blog.app/blog";
			};
			name = Debug;
		};
		64BBCEE627ADBAC400AA72E6 /* Release */ = {
			isa = XCBuildConfiguration;
			buildSettings = {
				ALWAYS_EMBED_SWIFT_STANDARD_LIBRARIES = YES;
				BUNDLE_LOADER = "$(TEST_HOST)";
				CODE_SIGN_STYLE = Automatic;
				CURRENT_PROJECT_VERSION = 1;
				GENERATE_INFOPLIST_FILE = YES;
				IPHONEOS_DEPLOYMENT_TARGET = 15.2;
				MARKETING_VERSION = 1.0;
				PRODUCT_BUNDLE_IDENTIFIER = com.blogTests;
				PRODUCT_NAME = "$(TARGET_NAME)";
				SWIFT_EMIT_LOC_STRINGS = NO;
				SWIFT_VERSION = 5.0;
				TARGETED_DEVICE_FAMILY = "1,2";
				TEST_HOST = "$(BUILT_PRODUCTS_DIR)/blog.app/blog";
			};
			name = Release;
		};
		64BBCF1227AE1D7100AA72E6 /* Debug */ = {
			isa = XCBuildConfiguration;
			buildSettings = {
				CLANG_ENABLE_MODULES = YES;
				CODE_SIGN_STYLE = Automatic;
				CURRENT_PROJECT_VERSION = 1;
				DEFINES_MODULE = YES;
				DYLIB_COMPATIBILITY_VERSION = 1;
				DYLIB_CURRENT_VERSION = 1;
				DYLIB_INSTALL_NAME_BASE = "@rpath";
				GENERATE_INFOPLIST_FILE = YES;
				INFOPLIST_KEY_NSHumanReadableCopyright = "";
				INSTALL_PATH = "$(LOCAL_LIBRARY_DIR)/Frameworks";
				LD_RUNPATH_SEARCH_PATHS = (
					"$(inherited)",
					"@executable_path/Frameworks",
					"@loader_path/Frameworks",
				);
				MARKETING_VERSION = 1.0;
				PRODUCT_BUNDLE_IDENTIFIER = com.Networking;
				PRODUCT_NAME = "$(TARGET_NAME:c99extidentifier)";
				SKIP_INSTALL = YES;
				SWIFT_EMIT_LOC_STRINGS = YES;
				SWIFT_OPTIMIZATION_LEVEL = "-Onone";
				SWIFT_VERSION = 5.0;
				TARGETED_DEVICE_FAMILY = "1,2";
				VERSIONING_SYSTEM = "apple-generic";
				VERSION_INFO_PREFIX = "";
			};
			name = Debug;
		};
		64BBCF1327AE1D7100AA72E6 /* Release */ = {
			isa = XCBuildConfiguration;
			buildSettings = {
				CLANG_ENABLE_MODULES = YES;
				CODE_SIGN_STYLE = Automatic;
				CURRENT_PROJECT_VERSION = 1;
				DEFINES_MODULE = YES;
				DYLIB_COMPATIBILITY_VERSION = 1;
				DYLIB_CURRENT_VERSION = 1;
				DYLIB_INSTALL_NAME_BASE = "@rpath";
				GENERATE_INFOPLIST_FILE = YES;
				INFOPLIST_KEY_NSHumanReadableCopyright = "";
				INSTALL_PATH = "$(LOCAL_LIBRARY_DIR)/Frameworks";
				LD_RUNPATH_SEARCH_PATHS = (
					"$(inherited)",
					"@executable_path/Frameworks",
					"@loader_path/Frameworks",
				);
				MARKETING_VERSION = 1.0;
				PRODUCT_BUNDLE_IDENTIFIER = com.Networking;
				PRODUCT_NAME = "$(TARGET_NAME:c99extidentifier)";
				SKIP_INSTALL = YES;
				SWIFT_EMIT_LOC_STRINGS = YES;
				SWIFT_VERSION = 5.0;
				TARGETED_DEVICE_FAMILY = "1,2";
				VERSIONING_SYSTEM = "apple-generic";
				VERSION_INFO_PREFIX = "";
			};
			name = Release;
		};
		64BBCF1627AE1D7100AA72E6 /* Debug */ = {
			isa = XCBuildConfiguration;
			buildSettings = {
				ALWAYS_EMBED_SWIFT_STANDARD_LIBRARIES = YES;
				CODE_SIGN_STYLE = Automatic;
				CURRENT_PROJECT_VERSION = 1;
				GENERATE_INFOPLIST_FILE = YES;
				MARKETING_VERSION = 1.0;
				PRODUCT_BUNDLE_IDENTIFIER = com.NetworkingTests;
				PRODUCT_NAME = "$(TARGET_NAME)";
				SWIFT_EMIT_LOC_STRINGS = NO;
				SWIFT_VERSION = 5.0;
				TARGETED_DEVICE_FAMILY = "1,2";
				TEST_HOST = "$(BUILT_PRODUCTS_DIR)/blog.app/blog";
			};
			name = Debug;
		};
		64BBCF1727AE1D7100AA72E6 /* Release */ = {
			isa = XCBuildConfiguration;
			buildSettings = {
				ALWAYS_EMBED_SWIFT_STANDARD_LIBRARIES = YES;
				CODE_SIGN_STYLE = Automatic;
				CURRENT_PROJECT_VERSION = 1;
				GENERATE_INFOPLIST_FILE = YES;
				MARKETING_VERSION = 1.0;
				PRODUCT_BUNDLE_IDENTIFIER = com.NetworkingTests;
				PRODUCT_NAME = "$(TARGET_NAME)";
				SWIFT_EMIT_LOC_STRINGS = NO;
				SWIFT_VERSION = 5.0;
				TARGETED_DEVICE_FAMILY = "1,2";
				TEST_HOST = "$(BUILT_PRODUCTS_DIR)/blog.app/blog";
			};
			name = Release;
		};
/* End XCBuildConfiguration section */

/* Begin XCConfigurationList section */
		64BBCEB827ADBAC100AA72E6 /* Build configuration list for PBXProject "blog" */ = {
			isa = XCConfigurationList;
			buildConfigurations = (
				64BBCEDF27ADBAC400AA72E6 /* Debug */,
				64BBCEE027ADBAC400AA72E6 /* Release */,
			);
			defaultConfigurationIsVisible = 0;
			defaultConfigurationName = Release;
		};
		64BBCEE127ADBAC400AA72E6 /* Build configuration list for PBXNativeTarget "blog" */ = {
			isa = XCConfigurationList;
			buildConfigurations = (
				64BBCEE227ADBAC400AA72E6 /* Debug */,
				64BBCEE327ADBAC400AA72E6 /* Release */,
			);
			defaultConfigurationIsVisible = 0;
			defaultConfigurationName = Release;
		};
		64BBCEE427ADBAC400AA72E6 /* Build configuration list for PBXNativeTarget "blogTests" */ = {
			isa = XCConfigurationList;
			buildConfigurations = (
				64BBCEE527ADBAC400AA72E6 /* Debug */,
				64BBCEE627ADBAC400AA72E6 /* Release */,
			);
			defaultConfigurationIsVisible = 0;
			defaultConfigurationName = Release;
		};
		64BBCF1127AE1D7100AA72E6 /* Build configuration list for PBXNativeTarget "Networking" */ = {
			isa = XCConfigurationList;
			buildConfigurations = (
				64BBCF1227AE1D7100AA72E6 /* Debug */,
				64BBCF1327AE1D7100AA72E6 /* Release */,
			);
			defaultConfigurationIsVisible = 0;
			defaultConfigurationName = Release;
		};
		64BBCF1527AE1D7100AA72E6 /* Build configuration list for PBXNativeTarget "NetworkingTests" */ = {
			isa = XCConfigurationList;
			buildConfigurations = (
				64BBCF1627AE1D7100AA72E6 /* Debug */,
				64BBCF1727AE1D7100AA72E6 /* Release */,
			);
			defaultConfigurationIsVisible = 0;
			defaultConfigurationName = Release;
		};
/* End XCConfigurationList section */

/* Begin XCRemoteSwiftPackageReference section */
		64BBCF1827AEDD8C00AA72E6 /* XCRemoteSwiftPackageReference "Alamofire" */ = {
			isa = XCRemoteSwiftPackageReference;
			repositoryURL = "https://github.com/Alamofire/Alamofire.git";
			requirement = {
				kind = upToNextMajorVersion;
				minimumVersion = 5.0.0;
			};
		};
		64BBCF3D27B1BD9400AA72E6 /* XCRemoteSwiftPackageReference "realm-swift" */ = {
			isa = XCRemoteSwiftPackageReference;
			repositoryURL = "https://github.com/realm/realm-swift.git";
			requirement = {
				branch = master;
				kind = branch;
			};
		};
/* End XCRemoteSwiftPackageReference section */

/* Begin XCSwiftPackageProductDependency section */
		64BBCF1927AEDD8C00AA72E6 /* Alamofire */ = {
			isa = XCSwiftPackageProductDependency;
			package = 64BBCF1827AEDD8C00AA72E6 /* XCRemoteSwiftPackageReference "Alamofire" */;
			productName = Alamofire;
		};
		64BBCF3E27B1BD9500AA72E6 /* RealmSwift */ = {
			isa = XCSwiftPackageProductDependency;
			package = 64BBCF3D27B1BD9400AA72E6 /* XCRemoteSwiftPackageReference "realm-swift" */;
			productName = RealmSwift;
		};
/* End XCSwiftPackageProductDependency section */
	};
	rootObject = 64BBCEB527ADBAC100AA72E6 /* Project object */;
}
