// !$*UTF8*$!
{
	archiveVersion = 1;
	classes = {
	};
	objectVersion = 55;
	objects = {

/* Begin PBXBuildFile section */
		64BBCEC127ADBAC100AA72E6 /* blogApp.swift in Sources */ = {isa = PBXBuildFile; fileRef = 64BBCEC027ADBAC100AA72E6 /* blogApp.swift */; };
		64BBCEC327ADBAC100AA72E6 /* ContentView.swift in Sources */ = {isa = PBXBuildFile; fileRef = 64BBCEC227ADBAC100AA72E6 /* ContentView.swift */; };
		64BBCEC527ADBAC400AA72E6 /* Assets.xcassets in Resources */ = {isa = PBXBuildFile; fileRef = 64BBCEC427ADBAC400AA72E6 /* Assets.xcassets */; };
		64BBCEC827ADBAC400AA72E6 /* Preview Assets.xcassets in Resources */ = {isa = PBXBuildFile; fileRef = 64BBCEC727ADBAC400AA72E6 /* Preview Assets.xcassets */; };
		64BBCED227ADBAC400AA72E6 /* blogTests.swift in Sources */ = {isa = PBXBuildFile; fileRef = 64BBCED127ADBAC400AA72E6 /* blogTests.swift */; };
/* End PBXBuildFile section */

/* Begin PBXContainerItemProxy section */
		64BBCECE27ADBAC400AA72E6 /* PBXContainerItemProxy */ = {
			isa = PBXContainerItemProxy;
			containerPortal = 64BBCEB527ADBAC100AA72E6 /* Project object */;
			proxyType = 1;
			remoteGlobalIDString = 64BBCEBC27ADBAC100AA72E6;
			remoteInfo = blog;
		};
/* End PBXContainerItemProxy section */

/* Begin PBXFileReference section */
		64BBCEBD27ADBAC100AA72E6 /* blog.app */ = {isa = PBXFileReference; explicitFileType = wrapper.application; includeInIndex = 0; path = blog.app; sourceTree = BUILT_PRODUCTS_DIR; };
		64BBCEC027ADBAC100AA72E6 /* blogApp.swift */ = {isa = PBXFileReference; lastKnownFileType = sourcecode.swift; path = blogApp.swift; sourceTree = "<group>"; };
		64BBCEC227ADBAC100AA72E6 /* ContentView.swift */ = {isa = PBXFileReference; lastKnownFileType = sourcecode.swift; path = ContentView.swift; sourceTree = "<group>"; };
		64BBCEC427ADBAC400AA72E6 /* Assets.xcassets */ = {isa = PBXFileReference; lastKnownFileType = folder.assetcatalog; path = Assets.xcassets; sourceTree = "<group>"; };
		64BBCEC727ADBAC400AA72E6 /* Preview Assets.xcassets */ = {isa = PBXFileReference; lastKnownFileType = folder.assetcatalog; path = "Preview Assets.xcassets"; sourceTree = "<group>"; };
		64BBCECD27ADBAC400AA72E6 /* blogTests.xctest */ = {isa = PBXFileReference; explicitFileType = wrapper.cfbundle; includeInIndex = 0; path = blogTests.xctest; sourceTree = BUILT_PRODUCTS_DIR; };
		64BBCED127ADBAC400AA72E6 /* blogTests.swift */ = {isa = PBXFileReference; lastKnownFileType = sourcecode.swift; path = blogTests.swift; sourceTree = "<group>"; };
/* End PBXFileReference section */

/* Begin PBXFrameworksBuildPhase section */
		64BBCEBA27ADBAC100AA72E6 /* Frameworks */ = {
			isa = PBXFrameworksBuildPhase;
			buildActionMask = 2147483647;
			files = (
			);
			runOnlyForDeploymentPostprocessing = 0;
		};
		64BBCECA27ADBAC400AA72E6 /* Frameworks */ = {
			isa = PBXFrameworksBuildPhase;
			buildActionMask = 2147483647;
			files = (
			);
			runOnlyForDeploymentPostprocessing = 0;
		};
/* End PBXFrameworksBuildPhase section */

/* Begin PBXGroup section */
		64BBCEB427ADBAC100AA72E6 = {
			isa = PBXGroup;
			children = (
				64BBCEBF27ADBAC100AA72E6 /* blog */,
				64BBCED027ADBAC400AA72E6 /* blogTests */,
				64BBCEBE27ADBAC100AA72E6 /* Products */,
			);
			sourceTree = "<group>";
		};
		64BBCEBE27ADBAC100AA72E6 /* Products */ = {
			isa = PBXGroup;
			children = (
				64BBCEBD27ADBAC100AA72E6 /* blog.app */,
				64BBCECD27ADBAC400AA72E6 /* blogTests.xctest */,
			);
			name = Products;
			sourceTree = "<group>";
		};
		64BBCEBF27ADBAC100AA72E6 /* blog */ = {
			isa = PBXGroup;
			children = (
				64BBCEC027ADBAC100AA72E6 /* blogApp.swift */,
				64BBCEC227ADBAC100AA72E6 /* ContentView.swift */,
				64BBCEC427ADBAC400AA72E6 /* Assets.xcassets */,
				64BBCEC627ADBAC400AA72E6 /* Preview Content */,
			);
			path = blog;
			sourceTree = "<group>";
		};
		64BBCEC627ADBAC400AA72E6 /* Preview Content */ = {
			isa = PBXGroup;
			children = (
				64BBCEC727ADBAC400AA72E6 /* Preview Assets.xcassets */,
			);
			path = "Preview Content";
			sourceTree = "<group>";
		};
		64BBCED027ADBAC400AA72E6 /* blogTests */ = {
			isa = PBXGroup;
			children = (
				64BBCED127ADBAC400AA72E6 /* blogTests.swift */,
			);
			path = blogTests;
			sourceTree = "<group>";
		};
/* End PBXGroup section */

/* Begin PBXNativeTarget section */
		64BBCEBC27ADBAC100AA72E6 /* blog */ = {
			isa = PBXNativeTarget;
			buildConfigurationList = 64BBCEE127ADBAC400AA72E6 /* Build configuration list for PBXNativeTarget "blog" */;
			buildPhases = (
				64BBCEB927ADBAC100AA72E6 /* Sources */,
				64BBCEBA27ADBAC100AA72E6 /* Frameworks */,
				64BBCEBB27ADBAC100AA72E6 /* Resources */,
			);
			buildRules = (
			);
			dependencies = (
			);
			name = blog;
			productName = blog;
			productReference = 64BBCEBD27ADBAC100AA72E6 /* blog.app */;
			productType = "com.apple.product-type.application";
		};
		64BBCECC27ADBAC400AA72E6 /* blogTests */ = {
			isa = PBXNativeTarget;
			buildConfigurationList = 64BBCEE427ADBAC400AA72E6 /* Build configuration list for PBXNativeTarget "blogTests" */;
			buildPhases = (
				64BBCEC927ADBAC400AA72E6 /* Sources */,
				64BBCECA27ADBAC400AA72E6 /* Frameworks */,
				64BBCECB27ADBAC400AA72E6 /* Resources */,
			);
			buildRules = (
			);
			dependencies = (
				64BBCECF27ADBAC400AA72E6 /* PBXTargetDependency */,
			);
			name = blogTests;
			productName = blogTests;
			productReference = 64BBCECD27ADBAC400AA72E6 /* blogTests.xctest */;
			productType = "com.apple.product-type.bundle.unit-test";
		};
/* End PBXNativeTarget section */

/* Begin PBXProject section */
		64BBCEB527ADBAC100AA72E6 /* Project object */ = {
			isa = PBXProject;
			attributes = {
				BuildIndependentTargetsInParallel = 1;
				LastSwiftUpdateCheck = 1320;
				LastUpgradeCheck = 1320;
				TargetAttributes = {
					64BBCEBC27ADBAC100AA72E6 = {
						CreatedOnToolsVersion = 13.2.1;
					};
					64BBCECC27ADBAC400AA72E6 = {
						CreatedOnToolsVersion = 13.2.1;
						TestTargetID = 64BBCEBC27ADBAC100AA72E6;
					};
				};
			};
			buildConfigurationList = 64BBCEB827ADBAC100AA72E6 /* Build configuration list for PBXProject "blog" */;
			compatibilityVersion = "Xcode 13.0";
			developmentRegion = en;
			hasScannedForEncodings = 0;
			knownRegions = (
				en,
				Base,
			);
			mainGroup = 64BBCEB427ADBAC100AA72E6;
			productRefGroup = 64BBCEBE27ADBAC100AA72E6 /* Products */;
			projectDirPath = "";
			projectRoot = "";
			targets = (
				64BBCEBC27ADBAC100AA72E6 /* blog */,
				64BBCECC27ADBAC400AA72E6 /* blogTests */,
			);
		};
/* End PBXProject section */

/* Begin PBXResourcesBuildPhase section */
		64BBCEBB27ADBAC100AA72E6 /* Resources */ = {
			isa = PBXResourcesBuildPhase;
			buildActionMask = 2147483647;
			files = (
				64BBCEC827ADBAC400AA72E6 /* Preview Assets.xcassets in Resources */,
				64BBCEC527ADBAC400AA72E6 /* Assets.xcassets in Resources */,
			);
			runOnlyForDeploymentPostprocessing = 0;
		};
		64BBCECB27ADBAC400AA72E6 /* Resources */ = {
			isa = PBXResourcesBuildPhase;
			buildActionMask = 2147483647;
			files = (
			);
			runOnlyForDeploymentPostprocessing = 0;
		};
/* End PBXResourcesBuildPhase section */

/* Begin PBXSourcesBuildPhase section */
		64BBCEB927ADBAC100AA72E6 /* Sources */ = {
			isa = PBXSourcesBuildPhase;
			buildActionMask = 2147483647;
			files = (
				64BBCEC327ADBAC100AA72E6 /* ContentView.swift in Sources */,
				64BBCEC127ADBAC100AA72E6 /* blogApp.swift in Sources */,
			);
			runOnlyForDeploymentPostprocessing = 0;
		};
		64BBCEC927ADBAC400AA72E6 /* Sources */ = {
			isa = PBXSourcesBuildPhase;
			buildActionMask = 2147483647;
			files = (
				64BBCED227ADBAC400AA72E6 /* blogTests.swift in Sources */,
			);
			runOnlyForDeploymentPostprocessing = 0;
		};
/* End PBXSourcesBuildPhase section */

/* Begin PBXTargetDependency section */
		64BBCECF27ADBAC400AA72E6 /* PBXTargetDependency */ = {
			isa = PBXTargetDependency;
			target = 64BBCEBC27ADBAC100AA72E6 /* blog */;
			targetProxy = 64BBCECE27ADBAC400AA72E6 /* PBXContainerItemProxy */;
		};
/* End PBXTargetDependency section */

/* Begin XCBuildConfiguration section */
		64BBCEDF27ADBAC400AA72E6 /* Debug */ = {
			isa = XCBuildConfiguration;
			buildSettings = {
				ALWAYS_SEARCH_USER_PATHS = NO;
				CLANG_ANALYZER_NONNULL = YES;
				CLANG_ANALYZER_NUMBER_OBJECT_CONVERSION = YES_AGGRESSIVE;
				CLANG_CXX_LANGUAGE_STANDARD = "gnu++17";
				CLANG_CXX_LIBRARY = "libc++";
				CLANG_ENABLE_MODULES = YES;
				CLANG_ENABLE_OBJC_ARC = YES;
				CLANG_ENABLE_OBJC_WEAK = YES;
				CLANG_WARN_BLOCK_CAPTURE_AUTORELEASING = YES;
				CLANG_WARN_BOOL_CONVERSION = YES;
				CLANG_WARN_COMMA = YES;
				CLANG_WARN_CONSTANT_CONVERSION = YES;
				CLANG_WARN_DEPRECATED_OBJC_IMPLEMENTATIONS = YES;
				CLANG_WARN_DIRECT_OBJC_ISA_USAGE = YES_ERROR;
				CLANG_WARN_DOCUMENTATION_COMMENTS = YES;
				CLANG_WARN_EMPTY_BODY = YES;
				CLANG_WARN_ENUM_CONVERSION = YES;
				CLANG_WARN_INFINITE_RECURSION = YES;
				CLANG_WARN_INT_CONVERSION = YES;
				CLANG_WARN_NON_LITERAL_NULL_CONVERSION = YES;
				CLANG_WARN_OBJC_IMPLICIT_RETAIN_SELF = YES;
				CLANG_WARN_OBJC_LITERAL_CONVERSION = YES;
				CLANG_WARN_OBJC_ROOT_CLASS = YES_ERROR;
				CLANG_WARN_QUOTED_INCLUDE_IN_FRAMEWORK_HEADER = YES;
				CLANG_WARN_RANGE_LOOP_ANALYSIS = YES;
				CLANG_WARN_STRICT_PROTOTYPES = YES;
				CLANG_WARN_SUSPICIOUS_MOVE = YES;
				CLANG_WARN_UNGUARDED_AVAILABILITY = YES_AGGRESSIVE;
				CLANG_WARN_UNREACHABLE_CODE = YES;
				CLANG_WARN__DUPLICATE_METHOD_MATCH = YES;
				COPY_PHASE_STRIP = NO;
				DEBUG_INFORMATION_FORMAT = dwarf;
				ENABLE_STRICT_OBJC_MSGSEND = YES;
				ENABLE_TESTABILITY = YES;
				GCC_C_LANGUAGE_STANDARD = gnu11;
				GCC_DYNAMIC_NO_PIC = NO;
				GCC_NO_COMMON_BLOCKS = YES;
				GCC_OPTIMIZATION_LEVEL = 0;
				GCC_PREPROCESSOR_DEFINITIONS = (
					"DEBUG=1",
					"$(inherited)",
				);
				GCC_WARN_64_TO_32_BIT_CONVERSION = YES;
				GCC_WARN_ABOUT_RETURN_TYPE = YES_ERROR;
				GCC_WARN_UNDECLARED_SELECTOR = YES;
				GCC_WARN_UNINITIALIZED_AUTOS = YES_AGGRESSIVE;
				GCC_WARN_UNUSED_FUNCTION = YES;
				GCC_WARN_UNUSED_VARIABLE = YES;
				IPHONEOS_DEPLOYMENT_TARGET = 15.2;
				MTL_ENABLE_DEBUG_INFO = INCLUDE_SOURCE;
				MTL_FAST_MATH = YES;
				ONLY_ACTIVE_ARCH = YES;
				SDKROOT = iphoneos;
				SWIFT_ACTIVE_COMPILATION_CONDITIONS = DEBUG;
				SWIFT_OPTIMIZATION_LEVEL = "-Onone";
			};
			name = Debug;
		};
		64BBCEE027ADBAC400AA72E6 /* Release */ = {
			isa = XCBuildConfiguration;
			buildSettings = {
				ALWAYS_SEARCH_USER_PATHS = NO;
				CLANG_ANALYZER_NONNULL = YES;
				CLANG_ANALYZER_NUMBER_OBJECT_CONVERSION = YES_AGGRESSIVE;
				CLANG_CXX_LANGUAGE_STANDARD = "gnu++17";
				CLANG_CXX_LIBRARY = "libc++";
				CLANG_ENABLE_MODULES = YES;
				CLANG_ENABLE_OBJC_ARC = YES;
				CLANG_ENABLE_OBJC_WEAK = YES;
				CLANG_WARN_BLOCK_CAPTURE_AUTORELEASING = YES;
				CLANG_WARN_BOOL_CONVERSION = YES;
				CLANG_WARN_COMMA = YES;
				CLANG_WARN_CONSTANT_CONVERSION = YES;
				CLANG_WARN_DEPRECATED_OBJC_IMPLEMENTATIONS = YES;
				CLANG_WARN_DIRECT_OBJC_ISA_USAGE = YES_ERROR;
				CLANG_WARN_DOCUMENTATION_COMMENTS = YES;
				CLANG_WARN_EMPTY_BODY = YES;
				CLANG_WARN_ENUM_CONVERSION = YES;
				CLANG_WARN_INFINITE_RECURSION = YES;
				CLANG_WARN_INT_CONVERSION = YES;
				CLANG_WARN_NON_LITERAL_NULL_CONVERSION = YES;
				CLANG_WARN_OBJC_IMPLICIT_RETAIN_SELF = YES;
				CLANG_WARN_OBJC_LITERAL_CONVERSION = YES;
				CLANG_WARN_OBJC_ROOT_CLASS = YES_ERROR;
				CLANG_WARN_QUOTED_INCLUDE_IN_FRAMEWORK_HEADER = YES;
				CLANG_WARN_RANGE_LOOP_ANALYSIS = YES;
				CLANG_WARN_STRICT_PROTOTYPES = YES;
				CLANG_WARN_SUSPICIOUS_MOVE = YES;
				CLANG_WARN_UNGUARDED_AVAILABILITY = YES_AGGRESSIVE;
				CLANG_WARN_UNREACHABLE_CODE = YES;
				CLANG_WARN__DUPLICATE_METHOD_MATCH = YES;
				COPY_PHASE_STRIP = NO;
				DEBUG_INFORMATION_FORMAT = "dwarf-with-dsym";
				ENABLE_NS_ASSERTIONS = NO;
				ENABLE_STRICT_OBJC_MSGSEND = YES;
				GCC_C_LANGUAGE_STANDARD = gnu11;
				GCC_NO_COMMON_BLOCKS = YES;
				GCC_WARN_64_TO_32_BIT_CONVERSION = YES;
				GCC_WARN_ABOUT_RETURN_TYPE = YES_ERROR;
				GCC_WARN_UNDECLARED_SELECTOR = YES;
				GCC_WARN_UNINITIALIZED_AUTOS = YES_AGGRESSIVE;
				GCC_WARN_UNUSED_FUNCTION = YES;
				GCC_WARN_UNUSED_VARIABLE = YES;
				IPHONEOS_DEPLOYMENT_TARGET = 15.2;
				MTL_ENABLE_DEBUG_INFO = NO;
				MTL_FAST_MATH = YES;
				SDKROOT = iphoneos;
				SWIFT_COMPILATION_MODE = wholemodule;
				SWIFT_OPTIMIZATION_LEVEL = "-O";
				VALIDATE_PRODUCT = YES;
			};
			name = Release;
		};
		64BBCEE227ADBAC400AA72E6 /* Debug */ = {
			isa = XCBuildConfiguration;
			buildSettings = {
				ASSETCATALOG_COMPILER_APPICON_NAME = AppIcon;
				ASSETCATALOG_COMPILER_GLOBAL_ACCENT_COLOR_NAME = AccentColor;
				CODE_SIGN_STYLE = Automatic;
				CURRENT_PROJECT_VERSION = 1;
				DEVELOPMENT_ASSET_PATHS = "\"blog/Preview Content\"";
				ENABLE_PREVIEWS = YES;
				GENERATE_INFOPLIST_FILE = YES;
				INFOPLIST_KEY_UIApplicationSceneManifest_Generation = YES;
				INFOPLIST_KEY_UIApplicationSupportsIndirectInputEvents = YES;
				INFOPLIST_KEY_UILaunchScreen_Generation = YES;
				INFOPLIST_KEY_UISupportedInterfaceOrientations_iPad = "UIInterfaceOrientationPortrait UIInterfaceOrientationPortraitUpsideDown UIInterfaceOrientationLandscapeLeft UIInterfaceOrientationLandscapeRight";
				INFOPLIST_KEY_UISupportedInterfaceOrientations_iPhone = "UIInterfaceOrientationPortrait UIInterfaceOrientationLandscapeLeft UIInterfaceOrientationLandscapeRight";
				LD_RUNPATH_SEARCH_PATHS = (
					"$(inherited)",
					"@executable_path/Frameworks",
				);
				MARKETING_VERSION = 1.0;
				PRODUCT_BUNDLE_IDENTIFIER = com.blog;
				PRODUCT_NAME = "$(TARGET_NAME)";
				SWIFT_EMIT_LOC_STRINGS = YES;
				SWIFT_VERSION = 5.0;
				TARGETED_DEVICE_FAMILY = "1,2";
			};
			name = Debug;
		};
		64BBCEE327ADBAC400AA72E6 /* Release */ = {
			isa = XCBuildConfiguration;
			buildSettings = {
				ASSETCATALOG_COMPILER_APPICON_NAME = AppIcon;
				ASSETCATALOG_COMPILER_GLOBAL_ACCENT_COLOR_NAME = AccentColor;
				CODE_SIGN_STYLE = Automatic;
				CURRENT_PROJECT_VERSION = 1;
				DEVELOPMENT_ASSET_PATHS = "\"blog/Preview Content\"";
				ENABLE_PREVIEWS = YES;
				GENERATE_INFOPLIST_FILE = YES;
				INFOPLIST_KEY_UIApplicationSceneManifest_Generation = YES;
				INFOPLIST_KEY_UIApplicationSupportsIndirectInputEvents = YES;
				INFOPLIST_KEY_UILaunchScreen_Generation = YES;
				INFOPLIST_KEY_UISupportedInterfaceOrientations_iPad = "UIInterfaceOrientationPortrait UIInterfaceOrientationPortraitUpsideDown UIInterfaceOrientationLandscapeLeft UIInterfaceOrientationLandscapeRight";
				INFOPLIST_KEY_UISupportedInterfaceOrientations_iPhone = "UIInterfaceOrientationPortrait UIInterfaceOrientationLandscapeLeft UIInterfaceOrientationLandscapeRight";
				LD_RUNPATH_SEARCH_PATHS = (
					"$(inherited)",
					"@executable_path/Frameworks",
				);
				MARKETING_VERSION = 1.0;
				PRODUCT_BUNDLE_IDENTIFIER = com.blog;
				PRODUCT_NAME = "$(TARGET_NAME)";
				SWIFT_EMIT_LOC_STRINGS = YES;
				SWIFT_VERSION = 5.0;
				TARGETED_DEVICE_FAMILY = "1,2";
			};
			name = Release;
		};
		64BBCEE527ADBAC400AA72E6 /* Debug */ = {
			isa = XCBuildConfiguration;
			buildSettings = {
				ALWAYS_EMBED_SWIFT_STANDARD_LIBRARIES = YES;
				BUNDLE_LOADER = "$(TEST_HOST)";
				CODE_SIGN_STYLE = Automatic;
				CURRENT_PROJECT_VERSION = 1;
				GENERATE_INFOPLIST_FILE = YES;
				IPHONEOS_DEPLOYMENT_TARGET = 15.2;
				MARKETING_VERSION = 1.0;
				PRODUCT_BUNDLE_IDENTIFIER = com.blogTests;
				PRODUCT_NAME = "$(TARGET_NAME)";
				SWIFT_EMIT_LOC_STRINGS = NO;
				SWIFT_VERSION = 5.0;
				TARGETED_DEVICE_FAMILY = "1,2";
				TEST_HOST = "$(BUILT_PRODUCTS_DIR)/blog.app/blog";
			};
			name = Debug;
		};
		64BBCEE627ADBAC400AA72E6 /* Release */ = {
			isa = XCBuildConfiguration;
			buildSettings = {
				ALWAYS_EMBED_SWIFT_STANDARD_LIBRARIES = YES;
				BUNDLE_LOADER = "$(TEST_HOST)";
				CODE_SIGN_STYLE = Automatic;
				CURRENT_PROJECT_VERSION = 1;
				GENERATE_INFOPLIST_FILE = YES;
				IPHONEOS_DEPLOYMENT_TARGET = 15.2;
				MARKETING_VERSION = 1.0;
				PRODUCT_BUNDLE_IDENTIFIER = com.blogTests;
				PRODUCT_NAME = "$(TARGET_NAME)";
				SWIFT_EMIT_LOC_STRINGS = NO;
				SWIFT_VERSION = 5.0;
				TARGETED_DEVICE_FAMILY = "1,2";
				TEST_HOST = "$(BUILT_PRODUCTS_DIR)/blog.app/blog";
			};
			name = Release;
		};
/* End XCBuildConfiguration section */

/* Begin XCConfigurationList section */
		64BBCEB827ADBAC100AA72E6 /* Build configuration list for PBXProject "blog" */ = {
			isa = XCConfigurationList;
			buildConfigurations = (
				64BBCEDF27ADBAC400AA72E6 /* Debug */,
				64BBCEE027ADBAC400AA72E6 /* Release */,
			);
			defaultConfigurationIsVisible = 0;
			defaultConfigurationName = Release;
		};
		64BBCEE127ADBAC400AA72E6 /* Build configuration list for PBXNativeTarget "blog" */ = {
			isa = XCConfigurationList;
			buildConfigurations = (
				64BBCEE227ADBAC400AA72E6 /* Debug */,
				64BBCEE327ADBAC400AA72E6 /* Release */,
			);
			defaultConfigurationIsVisible = 0;
			defaultConfigurationName = Release;
		};
		64BBCEE427ADBAC400AA72E6 /* Build configuration list for PBXNativeTarget "blogTests" */ = {
			isa = XCConfigurationList;
			buildConfigurations = (
				64BBCEE527ADBAC400AA72E6 /* Debug */,
				64BBCEE627ADBAC400AA72E6 /* Release */,
			);
			defaultConfigurationIsVisible = 0;
			defaultConfigurationName = Release;
		};
/* End XCConfigurationList section */
	};
	rootObject = 64BBCEB527ADBAC100AA72E6 /* Project object */;
}
